
Microsoft Visual Studio Solution File, Format Version 12.00
# Visual Studio Version 16
VisualStudioVersion = 16.0.33927.289
MinimumVisualStudioVersion = 10.0.40219.1
Project("{FAE04EC0-301F-11D3-BF4B-00C04F79EFBC}") = "svDTERECEP", "svDTERECEP\svDTERECEP.csproj", "{473F45E7-1A30-4612-BC8C-73BB69F4EDA7}"
EndProject
Global
	GlobalSection(SolutionConfigurationPlatforms) = preSolution
		Debug|Any CPU = Debug|Any CPU
		Release|Any CPU = Release|Any CPU
	EndGlobalSection
	GlobalSection(ProjectConfigurationPlatforms) = postSolution
		{473F45E7-1A30-4612-BC8C-73BB69F4EDA7}.Debug|Any CPU.ActiveCfg = Debug|Any CPU
		{473F45E7-1A30-4612-BC8C-73BB69F4EDA7}.Debug|Any CPU.Build.0 = Debug|Any CPU
		{473F45E7-1A30-4612-BC8C-73BB69F4EDA7}.Release|Any CPU.ActiveCfg = Release|Any CPU
		{473F45E7-1A30-4612-BC8C-73BB69F4EDA7}.Release|Any CPU.Build.0 = Release|Any CPU
	EndGlobalSection
	GlobalSection(SolutionProperties) = preSolution
		HideSolutionNode = FALSE
	EndGlobalSection
	GlobalSection(ExtensibilityGlobals) = postSolution
		SolutionGuid = {214E13E0-C8F2-4239-8508-2EE7BBD77D77}
	EndGlobalSection
EndGlobal
